
Microsoft Visual Studio Solution File, Format Version 12.00
# Visual Studio Version 16
VisualStudioVersion = 16.0.29806.167
MinimumVisualStudioVersion = 10.0.40219.1
Project("{FAE04EC0-301F-11D3-BF4B-00C04F79EFBC}") = "MirrorOfErised", "MirrorOfErised\MirrorOfErised.csproj", "{7630C859-6740-4E26-94F7-744DAF6DB243}"
EndProject
Project("{FAE04EC0-301F-11D3-BF4B-00C04F79EFBC}") = "MirrorOfErised.models", "MirrorOfErised.models\MirrorOfErised.models.csproj", "{C1F7B608-8D6D-461D-B555-08E62243DF81}"
EndProject
Project("{FAE04EC0-301F-11D3-BF4B-00C04F79EFBC}") = "MirrorOfErised.api", "MirrorOfErised.api\MirrorOfErised.api.csproj", "{047008F7-D637-4C33-94BF-DECD3BE20781}"
EndProject
Global
	GlobalSection(SolutionConfigurationPlatforms) = preSolution
		Debug|Any CPU = Debug|Any CPU
		Release|Any CPU = Release|Any CPU
	EndGlobalSection
	GlobalSection(ProjectConfigurationPlatforms) = postSolution
		{7630C859-6740-4E26-94F7-744DAF6DB243}.Debug|Any CPU.ActiveCfg = Debug|Any CPU
		{7630C859-6740-4E26-94F7-744DAF6DB243}.Debug|Any CPU.Build.0 = Debug|Any CPU
		{7630C859-6740-4E26-94F7-744DAF6DB243}.Release|Any CPU.ActiveCfg = Release|Any CPU
		{7630C859-6740-4E26-94F7-744DAF6DB243}.Release|Any CPU.Build.0 = Release|Any CPU
		{C1F7B608-8D6D-461D-B555-08E62243DF81}.Debug|Any CPU.ActiveCfg = Debug|Any CPU
		{C1F7B608-8D6D-461D-B555-08E62243DF81}.Debug|Any CPU.Build.0 = Debug|Any CPU
		{C1F7B608-8D6D-461D-B555-08E62243DF81}.Release|Any CPU.ActiveCfg = Release|Any CPU
		{C1F7B608-8D6D-461D-B555-08E62243DF81}.Release|Any CPU.Build.0 = Release|Any CPU
		{047008F7-D637-4C33-94BF-DECD3BE20781}.Debug|Any CPU.ActiveCfg = Debug|Any CPU
		{047008F7-D637-4C33-94BF-DECD3BE20781}.Debug|Any CPU.Build.0 = Debug|Any CPU
		{047008F7-D637-4C33-94BF-DECD3BE20781}.Release|Any CPU.ActiveCfg = Release|Any CPU
		{047008F7-D637-4C33-94BF-DECD3BE20781}.Release|Any CPU.Build.0 = Release|Any CPU
	EndGlobalSection
	GlobalSection(SolutionProperties) = preSolution
		HideSolutionNode = FALSE
	EndGlobalSection
	GlobalSection(ExtensibilityGlobals) = postSolution
		SolutionGuid = {2C96CC75-AD56-4B54-B3B8-6E4ED91E4AA5}
	EndGlobalSection
EndGlobal
